
Microsoft Visual Studio Solution File, Format Version 12.00
# Visual Studio Version 17
VisualStudioVersion = 17.8.34525.116
MinimumVisualStudioVersion = 10.0.40219.1
Project("{FAE04EC0-301F-11D3-BF4B-00C04F79EFBC}") = "PracticeDevOp", "PracticeDevOp\PracticeDevOp.csproj", "{A6B43D69-DC84-4356-8F61-8EB594E2FD14}"
EndProject
Global
	GlobalSection(SolutionConfigurationPlatforms) = preSolution
		Debug|Any CPU = Debug|Any CPU
		Release|Any CPU = Release|Any CPU
	EndGlobalSection
	GlobalSection(ProjectConfigurationPlatforms) = postSolution
		{A6B43D69-DC84-4356-8F61-8EB594E2FD14}.Debug|Any CPU.ActiveCfg = Debug|Any CPU
		{A6B43D69-DC84-4356-8F61-8EB594E2FD14}.Debug|Any CPU.Build.0 = Debug|Any CPU
		{A6B43D69-DC84-4356-8F61-8EB594E2FD14}.Release|Any CPU.ActiveCfg = Release|Any CPU
		{A6B43D69-DC84-4356-8F61-8EB594E2FD14}.Release|Any CPU.Build.0 = Release|Any CPU
	EndGlobalSection
	GlobalSection(SolutionProperties) = preSolution
		HideSolutionNode = FALSE
	EndGlobalSection
	GlobalSection(ExtensibilityGlobals) = postSolution
		SolutionGuid = {3802090F-200C-433D-AE47-AC7ED0D9F39B}
	EndGlobalSection
EndGlobal
